// !$*UTF8*$!
{
	archiveVersion = 1;
	classes = {
	};
	objectVersion = 51;
	objects = {

/* Begin PBXBuildFile section */
		059E389440FEE5F807D79872 /* Pods_InventoriumProject.framework in Frameworks */ = {isa = PBXBuildFile; fileRef = 0C004CDF66E56C5744AF2203 /* Pods_InventoriumProject.framework */; };
		58062AA4251E7F37008278CC /* textFieldConfiguration.swift in Sources */ = {isa = PBXBuildFile; fileRef = 58062AA3251E7F37008278CC /* textFieldConfiguration.swift */; };
		581A6C03253A7A8100D28048 /* GoogleService-Info.plist in Resources */ = {isa = PBXBuildFile; fileRef = 581A6C02253A7A8100D28048 /* GoogleService-Info.plist */; };
		58313096253BF37200EC0236 /* WarehouseStruct.swift in Sources */ = {isa = PBXBuildFile; fileRef = 58313095253BF37200EC0236 /* WarehouseStruct.swift */; };
		5861E28F253E59A600F158E0 /* LoginView.swift in Sources */ = {isa = PBXBuildFile; fileRef = 5861E28E253E59A600F158E0 /* LoginView.swift */; };
		588940D5251296090091D907 /* AppDelegate.swift in Sources */ = {isa = PBXBuildFile; fileRef = 588940D4251296090091D907 /* AppDelegate.swift */; };
		588940D7251296090091D907 /* SceneDelegate.swift in Sources */ = {isa = PBXBuildFile; fileRef = 588940D6251296090091D907 /* SceneDelegate.swift */; };
		588940D9251296090091D907 /* FirstScreen.swift in Sources */ = {isa = PBXBuildFile; fileRef = 588940D8251296090091D907 /* FirstScreen.swift */; };
		588940DC251296090091D907 /* Main.storyboard in Resources */ = {isa = PBXBuildFile; fileRef = 588940DA251296090091D907 /* Main.storyboard */; };
		588940DE2512960B0091D907 /* Assets.xcassets in Resources */ = {isa = PBXBuildFile; fileRef = 588940DD2512960B0091D907 /* Assets.xcassets */; };
		588940E12512960B0091D907 /* LaunchScreen.storyboard in Resources */ = {isa = PBXBuildFile; fileRef = 588940DF2512960B0091D907 /* LaunchScreen.storyboard */; };
		58C60546253A6356006C0B7B /* UserType.swift in Sources */ = {isa = PBXBuildFile; fileRef = 58C60545253A6356006C0B7B /* UserType.swift */; };
		58DA11302512D52B00C7C380 /* ColorImplementations.swift in Sources */ = {isa = PBXBuildFile; fileRef = 58DA112F2512D52B00C7C380 /* ColorImplementations.swift */; };
		58DA11322512D8F600C7C380 /* UserRegisterView.swift in Sources */ = {isa = PBXBuildFile; fileRef = 58DA11312512D8F600C7C380 /* UserRegisterView.swift */; };
		58E25196251E6CC9002BDC87 /* WarehouseRegisterView.swift in Sources */ = {isa = PBXBuildFile; fileRef = 58E25195251E6CC9002BDC87 /* WarehouseRegisterView.swift */; };
/* End PBXBuildFile section */

/* Begin PBXFileReference section */
		0C004CDF66E56C5744AF2203 /* Pods_InventoriumProject.framework */ = {isa = PBXFileReference; explicitFileType = wrapper.framework; includeInIndex = 0; path = Pods_InventoriumProject.framework; sourceTree = BUILT_PRODUCTS_DIR; };
		2F8FFEF3C2B3684539899703 /* Pods-InventoriumProject.release.xcconfig */ = {isa = PBXFileReference; includeInIndex = 1; lastKnownFileType = text.xcconfig; name = "Pods-InventoriumProject.release.xcconfig"; path = "Target Support Files/Pods-InventoriumProject/Pods-InventoriumProject.release.xcconfig"; sourceTree = "<group>"; };
		4DC377AE72895C10840824B3 /* Pods-InventoriumProject.debug.xcconfig */ = {isa = PBXFileReference; includeInIndex = 1; lastKnownFileType = text.xcconfig; name = "Pods-InventoriumProject.debug.xcconfig"; path = "Target Support Files/Pods-InventoriumProject/Pods-InventoriumProject.debug.xcconfig"; sourceTree = "<group>"; };
		58062AA3251E7F37008278CC /* textFieldConfiguration.swift */ = {isa = PBXFileReference; lastKnownFileType = sourcecode.swift; path = textFieldConfiguration.swift; sourceTree = "<group>"; };
		581A6C02253A7A8100D28048 /* GoogleService-Info.plist */ = {isa = PBXFileReference; fileEncoding = 4; lastKnownFileType = text.plist.xml; path = "GoogleService-Info.plist"; sourceTree = "<group>"; };
		58313095253BF37200EC0236 /* WarehouseStruct.swift */ = {isa = PBXFileReference; lastKnownFileType = sourcecode.swift; path = WarehouseStruct.swift; sourceTree = "<group>"; };
		5861E28E253E59A600F158E0 /* LoginView.swift */ = {isa = PBXFileReference; lastKnownFileType = sourcecode.swift; path = LoginView.swift; sourceTree = "<group>"; };
		588940D1251296090091D907 /* InventoriumProject.app */ = {isa = PBXFileReference; explicitFileType = wrapper.application; includeInIndex = 0; path = InventoriumProject.app; sourceTree = BUILT_PRODUCTS_DIR; };
		588940D4251296090091D907 /* AppDelegate.swift */ = {isa = PBXFileReference; lastKnownFileType = sourcecode.swift; path = AppDelegate.swift; sourceTree = "<group>"; };
		588940D6251296090091D907 /* SceneDelegate.swift */ = {isa = PBXFileReference; lastKnownFileType = sourcecode.swift; path = SceneDelegate.swift; sourceTree = "<group>"; };
		588940D8251296090091D907 /* FirstScreen.swift */ = {isa = PBXFileReference; lastKnownFileType = sourcecode.swift; path = FirstScreen.swift; sourceTree = "<group>"; };
		588940DB251296090091D907 /* Base */ = {isa = PBXFileReference; lastKnownFileType = file.storyboard; name = Base; path = Base.lproj/Main.storyboard; sourceTree = "<group>"; };
		588940DD2512960B0091D907 /* Assets.xcassets */ = {isa = PBXFileReference; lastKnownFileType = folder.assetcatalog; path = Assets.xcassets; sourceTree = "<group>"; };
		588940E02512960B0091D907 /* Base */ = {isa = PBXFileReference; lastKnownFileType = file.storyboard; name = Base; path = Base.lproj/LaunchScreen.storyboard; sourceTree = "<group>"; };
		588940E22512960B0091D907 /* Info.plist */ = {isa = PBXFileReference; lastKnownFileType = text.plist.xml; path = Info.plist; sourceTree = "<group>"; };
		58C60545253A6356006C0B7B /* UserType.swift */ = {isa = PBXFileReference; lastKnownFileType = sourcecode.swift; path = UserType.swift; sourceTree = "<group>"; };
		58DA112F2512D52B00C7C380 /* ColorImplementations.swift */ = {isa = PBXFileReference; lastKnownFileType = sourcecode.swift; path = ColorImplementations.swift; sourceTree = "<group>"; };
		58DA11312512D8F600C7C380 /* UserRegisterView.swift */ = {isa = PBXFileReference; lastKnownFileType = sourcecode.swift; path = UserRegisterView.swift; sourceTree = "<group>"; };
		58E25195251E6CC9002BDC87 /* WarehouseRegisterView.swift */ = {isa = PBXFileReference; lastKnownFileType = sourcecode.swift; path = WarehouseRegisterView.swift; sourceTree = "<group>"; };
/* End PBXFileReference section */

/* Begin PBXFrameworksBuildPhase section */
		588940CE251296090091D907 /* Frameworks */ = {
			isa = PBXFrameworksBuildPhase;
			buildActionMask = 2147483647;
			files = (
				059E389440FEE5F807D79872 /* Pods_InventoriumProject.framework in Frameworks */,
			);
			runOnlyForDeploymentPostprocessing = 0;
		};
/* End PBXFrameworksBuildPhase section */

/* Begin PBXGroup section */
		588940C8251296090091D907 = {
			isa = PBXGroup;
			children = (
				588940D3251296090091D907 /* InventoriumProject */,
				588940D2251296090091D907 /* Products */,
				E4B9BCC2DD98EA6F26312846 /* Pods */,
				964DD75BFAA05FCF95DAD314 /* Frameworks */,
			);
			sourceTree = "<group>";
		};
		588940D2251296090091D907 /* Products */ = {
			isa = PBXGroup;
			children = (
				588940D1251296090091D907 /* InventoriumProject.app */,
			);
			name = Products;
			sourceTree = "<group>";
		};
		588940D3251296090091D907 /* InventoriumProject */ = {
			isa = PBXGroup;
			children = (
				581A6C02253A7A8100D28048 /* GoogleService-Info.plist */,
				58E25192251E6C1C002BDC87 /* Views */,
				58DA112E2512D51000C7C380 /* Implementations */,
				588940E8251296640091D907 /* Delegates */,
				588940DA251296090091D907 /* Main.storyboard */,
				588940DD2512960B0091D907 /* Assets.xcassets */,
				588940DF2512960B0091D907 /* LaunchScreen.storyboard */,
				588940E22512960B0091D907 /* Info.plist */,
			);
			path = InventoriumProject;
			sourceTree = "<group>";
		};
		588940E8251296640091D907 /* Delegates */ = {
			isa = PBXGroup;
			children = (
				588940D4251296090091D907 /* AppDelegate.swift */,
				588940D6251296090091D907 /* SceneDelegate.swift */,
			);
			path = Delegates;
			sourceTree = "<group>";
		};
		58DA112E2512D51000C7C380 /* Implementations */ = {
			isa = PBXGroup;
			children = (
				58DA112F2512D52B00C7C380 /* ColorImplementations.swift */,
				58062AA3251E7F37008278CC /* textFieldConfiguration.swift */,
				58C60545253A6356006C0B7B /* UserType.swift */,
				58313095253BF37200EC0236 /* WarehouseStruct.swift */,
			);
			path = Implementations;
			sourceTree = "<group>";
		};
		58E25192251E6C1C002BDC87 /* Views */ = {
			isa = PBXGroup;
			children = (
				588940D8251296090091D907 /* FirstScreen.swift */,
				58DA11312512D8F600C7C380 /* UserRegisterView.swift */,
				58E25195251E6CC9002BDC87 /* WarehouseRegisterView.swift */,
				5861E28E253E59A600F158E0 /* LoginView.swift */,
			);
			path = Views;
			sourceTree = "<group>";
		};
		964DD75BFAA05FCF95DAD314 /* Frameworks */ = {
			isa = PBXGroup;
			children = (
				0C004CDF66E56C5744AF2203 /* Pods_InventoriumProject.framework */,
			);
			name = Frameworks;
			sourceTree = "<group>";
		};
		E4B9BCC2DD98EA6F26312846 /* Pods */ = {
			isa = PBXGroup;
			children = (
				4DC377AE72895C10840824B3 /* Pods-InventoriumProject.debug.xcconfig */,
				2F8FFEF3C2B3684539899703 /* Pods-InventoriumProject.release.xcconfig */,
			);
			path = Pods;
			sourceTree = "<group>";
		};
/* End PBXGroup section */

/* Begin PBXNativeTarget section */
		588940D0251296090091D907 /* InventoriumProject */ = {
			isa = PBXNativeTarget;
			buildConfigurationList = 588940E52512960B0091D907 /* Build configuration list for PBXNativeTarget "InventoriumProject" */;
			buildPhases = (
				74AC9DFF3C8B17111510DB34 /* [CP] Check Pods Manifest.lock */,
				588940CD251296090091D907 /* Sources */,
				588940CE251296090091D907 /* Frameworks */,
				588940CF251296090091D907 /* Resources */,
				D4C66DC0EC0C4979AE9861A2 /* [CP] Embed Pods Frameworks */,
			);
			buildRules = (
			);
			dependencies = (
			);
			name = InventoriumProject;
			productName = InventoriumProject;
			productReference = 588940D1251296090091D907 /* InventoriumProject.app */;
			productType = "com.apple.product-type.application";
		};
/* End PBXNativeTarget section */

/* Begin PBXProject section */
		588940C9251296090091D907 /* Project object */ = {
			isa = PBXProject;
			attributes = {
				LastSwiftUpdateCheck = 1170;
				LastUpgradeCheck = 1170;
				ORGANIZATIONNAME = CSUCI_350;
				TargetAttributes = {
					588940D0251296090091D907 = {
						CreatedOnToolsVersion = 11.7;
					};
				};
			};
			buildConfigurationList = 588940CC251296090091D907 /* Build configuration list for PBXProject "InventoriumProject" */;
			compatibilityVersion = "Xcode 9.3";
			developmentRegion = en;
			hasScannedForEncodings = 0;
			knownRegions = (
				en,
				Base,
			);
			mainGroup = 588940C8251296090091D907;
			productRefGroup = 588940D2251296090091D907 /* Products */;
			projectDirPath = "";
			projectRoot = "";
			targets = (
				588940D0251296090091D907 /* InventoriumProject */,
			);
		};
/* End PBXProject section */

/* Begin PBXResourcesBuildPhase section */
		588940CF251296090091D907 /* Resources */ = {
			isa = PBXResourcesBuildPhase;
			buildActionMask = 2147483647;
			files = (
				588940E12512960B0091D907 /* LaunchScreen.storyboard in Resources */,
				581A6C03253A7A8100D28048 /* GoogleService-Info.plist in Resources */,
				588940DE2512960B0091D907 /* Assets.xcassets in Resources */,
				588940DC251296090091D907 /* Main.storyboard in Resources */,
			);
			runOnlyForDeploymentPostprocessing = 0;
		};
/* End PBXResourcesBuildPhase section */

/* Begin PBXShellScriptBuildPhase section */
		74AC9DFF3C8B17111510DB34 /* [CP] Check Pods Manifest.lock */ = {
			isa = PBXShellScriptBuildPhase;
			buildActionMask = 2147483647;
			files = (
			);
			inputFileListPaths = (
			);
			inputPaths = (
				"${PODS_PODFILE_DIR_PATH}/Podfile.lock",
				"${PODS_ROOT}/Manifest.lock",
			);
			name = "[CP] Check Pods Manifest.lock";
			outputFileListPaths = (
			);
			outputPaths = (
				"$(DERIVED_FILE_DIR)/Pods-InventoriumProject-checkManifestLockResult.txt",
			);
			runOnlyForDeploymentPostprocessing = 0;
			shellPath = /bin/sh;
			shellScript = "diff \"${PODS_PODFILE_DIR_PATH}/Podfile.lock\" \"${PODS_ROOT}/Manifest.lock\" > /dev/null\nif [ $? != 0 ] ; then\n    # print error to STDERR\n    echo \"error: The sandbox is not in sync with the Podfile.lock. Run 'pod install' or update your CocoaPods installation.\" >&2\n    exit 1\nfi\n# This output is used by Xcode 'outputs' to avoid re-running this script phase.\necho \"SUCCESS\" > \"${SCRIPT_OUTPUT_FILE_0}\"\n";
			showEnvVarsInLog = 0;
		};
		D4C66DC0EC0C4979AE9861A2 /* [CP] Embed Pods Frameworks */ = {
			isa = PBXShellScriptBuildPhase;
			buildActionMask = 2147483647;
			files = (
			);
			inputFileListPaths = (
				"${PODS_ROOT}/Target Support Files/Pods-InventoriumProject/Pods-InventoriumProject-frameworks-${CONFIGURATION}-input-files.xcfilelist",
			);
			name = "[CP] Embed Pods Frameworks";
			outputFileListPaths = (
				"${PODS_ROOT}/Target Support Files/Pods-InventoriumProject/Pods-InventoriumProject-frameworks-${CONFIGURATION}-output-files.xcfilelist",
			);
			runOnlyForDeploymentPostprocessing = 0;
			shellPath = /bin/sh;
			shellScript = "\"${PODS_ROOT}/Target Support Files/Pods-InventoriumProject/Pods-InventoriumProject-frameworks.sh\"\n";
			showEnvVarsInLog = 0;
		};
/* End PBXShellScriptBuildPhase section */

/* Begin PBXSourcesBuildPhase section */
		588940CD251296090091D907 /* Sources */ = {
			isa = PBXSourcesBuildPhase;
			buildActionMask = 2147483647;
			files = (
				588940D9251296090091D907 /* FirstScreen.swift in Sources */,
				58DA11322512D8F600C7C380 /* UserRegisterView.swift in Sources */,
				58C60546253A6356006C0B7B /* UserType.swift in Sources */,
				58DA11302512D52B00C7C380 /* ColorImplementations.swift in Sources */,
				588940D5251296090091D907 /* AppDelegate.swift in Sources */,
				58313096253BF37200EC0236 /* WarehouseStruct.swift in Sources */,
				58062AA4251E7F37008278CC /* textFieldConfiguration.swift in Sources */,
				588940D7251296090091D907 /* SceneDelegate.swift in Sources */,
				5861E28F253E59A600F158E0 /* LoginView.swift in Sources */,
				58E25196251E6CC9002BDC87 /* WarehouseRegisterView.swift in Sources */,
			);
			runOnlyForDeploymentPostprocessing = 0;
		};
/* End PBXSourcesBuildPhase section */

/* Begin PBXVariantGroup section */
		588940DA251296090091D907 /* Main.storyboard */ = {
			isa = PBXVariantGroup;
			children = (
				588940DB251296090091D907 /* Base */,
			);
			name = Main.storyboard;
			sourceTree = "<group>";
		};
		588940DF2512960B0091D907 /* LaunchScreen.storyboard */ = {
			isa = PBXVariantGroup;
			children = (
				588940E02512960B0091D907 /* Base */,
			);
			name = LaunchScreen.storyboard;
			sourceTree = "<group>";
		};
/* End PBXVariantGroup section */

/* Begin XCBuildConfiguration section */
		588940E32512960B0091D907 /* Debug */ = {
			isa = XCBuildConfiguration;
			buildSettings = {
				ALWAYS_SEARCH_USER_PATHS = NO;
				CLANG_ANALYZER_NONNULL = YES;
				CLANG_ANALYZER_NUMBER_OBJECT_CONVERSION = YES_AGGRESSIVE;
				CLANG_CXX_LANGUAGE_STANDARD = "gnu++14";
				CLANG_CXX_LIBRARY = "libc++";
				CLANG_ENABLE_MODULES = YES;
				CLANG_ENABLE_OBJC_ARC = YES;
				CLANG_ENABLE_OBJC_WEAK = YES;
				CLANG_WARN_BLOCK_CAPTURE_AUTORELEASING = YES;
				CLANG_WARN_BOOL_CONVERSION = YES;
				CLANG_WARN_COMMA = YES;
				CLANG_WARN_CONSTANT_CONVERSION = YES;
				CLANG_WARN_DEPRECATED_OBJC_IMPLEMENTATIONS = YES;
				CLANG_WARN_DIRECT_OBJC_ISA_USAGE = YES_ERROR;
				CLANG_WARN_DOCUMENTATION_COMMENTS = YES;
				CLANG_WARN_EMPTY_BODY = YES;
				CLANG_WARN_ENUM_CONVERSION = YES;
				CLANG_WARN_INFINITE_RECURSION = YES;
				CLANG_WARN_INT_CONVERSION = YES;
				CLANG_WARN_NON_LITERAL_NULL_CONVERSION = YES;
				CLANG_WARN_OBJC_IMPLICIT_RETAIN_SELF = YES;
				CLANG_WARN_OBJC_LITERAL_CONVERSION = YES;
				CLANG_WARN_OBJC_ROOT_CLASS = YES_ERROR;
				CLANG_WARN_RANGE_LOOP_ANALYSIS = YES;
				CLANG_WARN_STRICT_PROTOTYPES = YES;
				CLANG_WARN_SUSPICIOUS_MOVE = YES;
				CLANG_WARN_UNGUARDED_AVAILABILITY = YES_AGGRESSIVE;
				CLANG_WARN_UNREACHABLE_CODE = YES;
				CLANG_WARN__DUPLICATE_METHOD_MATCH = YES;
				COPY_PHASE_STRIP = NO;
				DEBUG_INFORMATION_FORMAT = dwarf;
				ENABLE_STRICT_OBJC_MSGSEND = YES;
				ENABLE_TESTABILITY = YES;
				GCC_C_LANGUAGE_STANDARD = gnu11;
				GCC_DYNAMIC_NO_PIC = NO;
				GCC_NO_COMMON_BLOCKS = YES;
				GCC_OPTIMIZATION_LEVEL = 0;
				GCC_PREPROCESSOR_DEFINITIONS = (
					"DEBUG=1",
					"$(inherited)",
				);
				GCC_WARN_64_TO_32_BIT_CONVERSION = YES;
				GCC_WARN_ABOUT_RETURN_TYPE = YES_ERROR;
				GCC_WARN_UNDECLARED_SELECTOR = YES;
				GCC_WARN_UNINITIALIZED_AUTOS = YES_AGGRESSIVE;
				GCC_WARN_UNUSED_FUNCTION = YES;
				GCC_WARN_UNUSED_VARIABLE = YES;
				IPHONEOS_DEPLOYMENT_TARGET = 13.7;
				MTL_ENABLE_DEBUG_INFO = INCLUDE_SOURCE;
				MTL_FAST_MATH = YES;
				ONLY_ACTIVE_ARCH = YES;
				SDKROOT = iphoneos;
				SWIFT_ACTIVE_COMPILATION_CONDITIONS = DEBUG;
				SWIFT_OPTIMIZATION_LEVEL = "-Onone";
			};
			name = Debug;
		};
		588940E42512960B0091D907 /* Release */ = {
			isa = XCBuildConfiguration;
			buildSettings = {
				ALWAYS_SEARCH_USER_PATHS = NO;
				CLANG_ANALYZER_NONNULL = YES;
				CLANG_ANALYZER_NUMBER_OBJECT_CONVERSION = YES_AGGRESSIVE;
				CLANG_CXX_LANGUAGE_STANDARD = "gnu++14";
				CLANG_CXX_LIBRARY = "libc++";
				CLANG_ENABLE_MODULES = YES;
				CLANG_ENABLE_OBJC_ARC = YES;
				CLANG_ENABLE_OBJC_WEAK = YES;
				CLANG_WARN_BLOCK_CAPTURE_AUTORELEASING = YES;
				CLANG_WARN_BOOL_CONVERSION = YES;
				CLANG_WARN_COMMA = YES;
				CLANG_WARN_CONSTANT_CONVERSION = YES;
				CLANG_WARN_DEPRECATED_OBJC_IMPLEMENTATIONS = YES;
				CLANG_WARN_DIRECT_OBJC_ISA_USAGE = YES_ERROR;
				CLANG_WARN_DOCUMENTATION_COMMENTS = YES;
				CLANG_WARN_EMPTY_BODY = YES;
				CLANG_WARN_ENUM_CONVERSION = YES;
				CLANG_WARN_INFINITE_RECURSION = YES;
				CLANG_WARN_INT_CONVERSION = YES;
				CLANG_WARN_NON_LITERAL_NULL_CONVERSION = YES;
				CLANG_WARN_OBJC_IMPLICIT_RETAIN_SELF = YES;
				CLANG_WARN_OBJC_LITERAL_CONVERSION = YES;
				CLANG_WARN_OBJC_ROOT_CLASS = YES_ERROR;
				CLANG_WARN_RANGE_LOOP_ANALYSIS = YES;
				CLANG_WARN_STRICT_PROTOTYPES = YES;
				CLANG_WARN_SUSPICIOUS_MOVE = YES;
				CLANG_WARN_UNGUARDED_AVAILABILITY = YES_AGGRESSIVE;
				CLANG_WARN_UNREACHABLE_CODE = YES;
				CLANG_WARN__DUPLICATE_METHOD_MATCH = YES;
				COPY_PHASE_STRIP = NO;
				DEBUG_INFORMATION_FORMAT = "dwarf-with-dsym";
				ENABLE_NS_ASSERTIONS = NO;
				ENABLE_STRICT_OBJC_MSGSEND = YES;
				GCC_C_LANGUAGE_STANDARD = gnu11;
				GCC_NO_COMMON_BLOCKS = YES;
				GCC_WARN_64_TO_32_BIT_CONVERSION = YES;
				GCC_WARN_ABOUT_RETURN_TYPE = YES_ERROR;
				GCC_WARN_UNDECLARED_SELECTOR = YES;
				GCC_WARN_UNINITIALIZED_AUTOS = YES_AGGRESSIVE;
				GCC_WARN_UNUSED_FUNCTION = YES;
				GCC_WARN_UNUSED_VARIABLE = YES;
				IPHONEOS_DEPLOYMENT_TARGET = 13.7;
				MTL_ENABLE_DEBUG_INFO = NO;
				MTL_FAST_MATH = YES;
				SDKROOT = iphoneos;
				SWIFT_COMPILATION_MODE = wholemodule;
				SWIFT_OPTIMIZATION_LEVEL = "-O";
				VALIDATE_PRODUCT = YES;
			};
			name = Release;
		};
		588940E62512960B0091D907 /* Debug */ = {
			isa = XCBuildConfiguration;
			baseConfigurationReference = 4DC377AE72895C10840824B3 /* Pods-InventoriumProject.debug.xcconfig */;
			buildSettings = {
				ASSETCATALOG_COMPILER_APPICON_NAME = AppIcon;
				CODE_SIGN_STYLE = Automatic;
				DEVELOPMENT_TEAM = 2N277QXTNA;
				INFOPLIST_FILE = InventoriumProject/Info.plist;
				LD_RUNPATH_SEARCH_PATHS = (
					"$(inherited)",
					"@executable_path/Frameworks",
				);
				PRODUCT_BUNDLE_IDENTIFIER = "SWIFT-COMP350.InventoriumProject";
				PRODUCT_NAME = "$(TARGET_NAME)";
				SWIFT_VERSION = 5.0;
				TARGETED_DEVICE_FAMILY = "1,2";
			};
			name = Debug;
		};
		588940E72512960B0091D907 /* Release */ = {
			isa = XCBuildConfiguration;
			baseConfigurationReference = 2F8FFEF3C2B3684539899703 /* Pods-InventoriumProject.release.xcconfig */;
			buildSettings = {
				ASSETCATALOG_COMPILER_APPICON_NAME = AppIcon;
				CODE_SIGN_STYLE = Automatic;
				DEVELOPMENT_TEAM = 2N277QXTNA;
				INFOPLIST_FILE = InventoriumProject/Info.plist;
				LD_RUNPATH_SEARCH_PATHS = (
					"$(inherited)",
					"@executable_path/Frameworks",
				);
				PRODUCT_BUNDLE_IDENTIFIER = "SWIFT-COMP350.InventoriumProject";
				PRODUCT_NAME = "$(TARGET_NAME)";
				SWIFT_VERSION = 5.0;
				TARGETED_DEVICE_FAMILY = "1,2";
			};
			name = Release;
		};
/* End XCBuildConfiguration section */

/* Begin XCConfigurationList section */
		588940CC251296090091D907 /* Build configuration list for PBXProject "InventoriumProject" */ = {
			isa = XCConfigurationList;
			buildConfigurations = (
				588940E32512960B0091D907 /* Debug */,
				588940E42512960B0091D907 /* Release */,
			);
			defaultConfigurationIsVisible = 0;
			defaultConfigurationName = Release;
		};
		588940E52512960B0091D907 /* Build configuration list for PBXNativeTarget "InventoriumProject" */ = {
			isa = XCConfigurationList;
			buildConfigurations = (
				588940E62512960B0091D907 /* Debug */,
				588940E72512960B0091D907 /* Release */,
			);
			defaultConfigurationIsVisible = 0;
			defaultConfigurationName = Release;
		};
/* End XCConfigurationList section */
	};
	rootObject = 588940C9251296090091D907 /* Project object */;
}
