// !$*UTF8*$!
{
	archiveVersion = 1;
	classes = {
	};
	objectVersion = 50;
	objects = {

/* Begin PBXBuildFile section */
		588940D5251296090091D907 /* AppDelegate.swift in Sources */ = {isa = PBXBuildFile; fileRef = 588940D4251296090091D907 /* AppDelegate.swift */; };
		588940D7251296090091D907 /* SceneDelegate.swift in Sources */ = {isa = PBXBuildFile; fileRef = 588940D6251296090091D907 /* SceneDelegate.swift */; };
		588940D9251296090091D907 /* FirstScreen.swift in Sources */ = {isa = PBXBuildFile; fileRef = 588940D8251296090091D907 /* FirstScreen.swift */; };
		588940DC251296090091D907 /* Main.storyboard in Resources */ = {isa = PBXBuildFile; fileRef = 588940DA251296090091D907 /* Main.storyboard */; };
		588940DE2512960B0091D907 /* Assets.xcassets in Resources */ = {isa = PBXBuildFile; fileRef = 588940DD2512960B0091D907 /* Assets.xcassets */; };
		588940E12512960B0091D907 /* LaunchScreen.storyboard in Resources */ = {isa = PBXBuildFile; fileRef = 588940DF2512960B0091D907 /* LaunchScreen.storyboard */; };
		58DA11302512D52B00C7C380 /* ColorImplementations.swift in Sources */ = {isa = PBXBuildFile; fileRef = 58DA112F2512D52B00C7C380 /* ColorImplementations.swift */; };
		58DA11322512D8F600C7C380 /* UserRegisterView.swift in Sources */ = {isa = PBXBuildFile; fileRef = 58DA11312512D8F600C7C380 /* UserRegisterView.swift */; };
		58E25196251E6CC9002BDC87 /* WarehouseRegisterView.swift in Sources */ = {isa = PBXBuildFile; fileRef = 58E25195251E6CC9002BDC87 /* WarehouseRegisterView.swift */; };
/* End PBXBuildFile section */

/* Begin PBXFileReference section */
		588940D1251296090091D907 /* InventoriumProject.app */ = {isa = PBXFileReference; explicitFileType = wrapper.application; includeInIndex = 0; path = InventoriumProject.app; sourceTree = BUILT_PRODUCTS_DIR; };
		588940D4251296090091D907 /* AppDelegate.swift */ = {isa = PBXFileReference; lastKnownFileType = sourcecode.swift; path = AppDelegate.swift; sourceTree = "<group>"; };
		588940D6251296090091D907 /* SceneDelegate.swift */ = {isa = PBXFileReference; lastKnownFileType = sourcecode.swift; path = SceneDelegate.swift; sourceTree = "<group>"; };
		588940D8251296090091D907 /* FirstScreen.swift */ = {isa = PBXFileReference; lastKnownFileType = sourcecode.swift; path = FirstScreen.swift; sourceTree = "<group>"; };
		588940DB251296090091D907 /* Base */ = {isa = PBXFileReference; lastKnownFileType = file.storyboard; name = Base; path = Base.lproj/Main.storyboard; sourceTree = "<group>"; };
		588940DD2512960B0091D907 /* Assets.xcassets */ = {isa = PBXFileReference; lastKnownFileType = folder.assetcatalog; path = Assets.xcassets; sourceTree = "<group>"; };
		588940E02512960B0091D907 /* Base */ = {isa = PBXFileReference; lastKnownFileType = file.storyboard; name = Base; path = Base.lproj/LaunchScreen.storyboard; sourceTree = "<group>"; };
		588940E22512960B0091D907 /* Info.plist */ = {isa = PBXFileReference; lastKnownFileType = text.plist.xml; path = Info.plist; sourceTree = "<group>"; };
		58DA112F2512D52B00C7C380 /* ColorImplementations.swift */ = {isa = PBXFileReference; lastKnownFileType = sourcecode.swift; path = ColorImplementations.swift; sourceTree = "<group>"; };
		58DA11312512D8F600C7C380 /* UserRegisterView.swift */ = {isa = PBXFileReference; lastKnownFileType = sourcecode.swift; path = UserRegisterView.swift; sourceTree = "<group>"; };
		58E25195251E6CC9002BDC87 /* WarehouseRegisterView.swift */ = {isa = PBXFileReference; lastKnownFileType = sourcecode.swift; path = WarehouseRegisterView.swift; sourceTree = "<group>"; };
/* End PBXFileReference section */

/* Begin PBXFrameworksBuildPhase section */
		588940CE251296090091D907 /* Frameworks */ = {
			isa = PBXFrameworksBuildPhase;
			buildActionMask = 2147483647;
			files = (
			);
			runOnlyForDeploymentPostprocessing = 0;
		};
/* End PBXFrameworksBuildPhase section */

/* Begin PBXGroup section */
		588940C8251296090091D907 = {
			isa = PBXGroup;
			children = (
				588940D3251296090091D907 /* InventoriumProject */,
				588940D2251296090091D907 /* Products */,
			);
			sourceTree = "<group>";
		};
		588940D2251296090091D907 /* Products */ = {
			isa = PBXGroup;
			children = (
				588940D1251296090091D907 /* InventoriumProject.app */,
			);
			name = Products;
			sourceTree = "<group>";
		};
		588940D3251296090091D907 /* InventoriumProject */ = {
			isa = PBXGroup;
			children = (
				58E25192251E6C1C002BDC87 /* Views */,
				58DA112E2512D51000C7C380 /* Implementations */,
				588940E8251296640091D907 /* Delegates */,
				588940DA251296090091D907 /* Main.storyboard */,
				588940DD2512960B0091D907 /* Assets.xcassets */,
				588940DF2512960B0091D907 /* LaunchScreen.storyboard */,
				588940E22512960B0091D907 /* Info.plist */,
			);
			path = InventoriumProject;
			sourceTree = "<group>";
		};
		588940E8251296640091D907 /* Delegates */ = {
			isa = PBXGroup;
			children = (
				588940D4251296090091D907 /* AppDelegate.swift */,
				588940D6251296090091D907 /* SceneDelegate.swift */,
			);
			path = Delegates;
			sourceTree = "<group>";
		};
		58DA112E2512D51000C7C380 /* Implementations */ = {
			isa = PBXGroup;
			children = (
				58DA112F2512D52B00C7C380 /* ColorImplementations.swift */,
			);
			path = Implementations;
			sourceTree = "<group>";
		};
		58E25192251E6C1C002BDC87 /* Views */ = {
			isa = PBXGroup;
			children = (
				588940D8251296090091D907 /* FirstScreen.swift */,
				58DA11312512D8F600C7C380 /* UserRegisterView.swift */,
				58E25195251E6CC9002BDC87 /* WarehouseRegisterView.swift */,
			);
			path = Views;
			sourceTree = "<group>";
		};
/* End PBXGroup section */

/* Begin PBXNativeTarget section */
		588940D0251296090091D907 /* InventoriumProject */ = {
			isa = PBXNativeTarget;
			buildConfigurationList = 588940E52512960B0091D907 /* Build configuration list for PBXNativeTarget "InventoriumProject" */;
			buildPhases = (
				588940CD251296090091D907 /* Sources */,
				588940CE251296090091D907 /* Frameworks */,
				588940CF251296090091D907 /* Resources */,
			);
			buildRules = (
			);
			dependencies = (
			);
			name = InventoriumProject;
			productName = InventoriumProject;
			productReference = 588940D1251296090091D907 /* InventoriumProject.app */;
			productType = "com.apple.product-type.application";
		};
/* End PBXNativeTarget section */

/* Begin PBXProject section */
		588940C9251296090091D907 /* Project object */ = {
			isa = PBXProject;
			attributes = {
				LastSwiftUpdateCheck = 1170;
				LastUpgradeCheck = 1170;
				ORGANIZATIONNAME = CSUCI_350;
				TargetAttributes = {
					588940D0251296090091D907 = {
						CreatedOnToolsVersion = 11.7;
					};
				};
			};
			buildConfigurationList = 588940CC251296090091D907 /* Build configuration list for PBXProject "InventoriumProject" */;
			compatibilityVersion = "Xcode 9.3";
			developmentRegion = en;
			hasScannedForEncodings = 0;
			knownRegions = (
				en,
				Base,
			);
			mainGroup = 588940C8251296090091D907;
			productRefGroup = 588940D2251296090091D907 /* Products */;
			projectDirPath = "";
			projectRoot = "";
			targets = (
				588940D0251296090091D907 /* InventoriumProject */,
			);
		};
/* End PBXProject section */

/* Begin PBXResourcesBuildPhase section */
		588940CF251296090091D907 /* Resources */ = {
			isa = PBXResourcesBuildPhase;
			buildActionMask = 2147483647;
			files = (
				588940E12512960B0091D907 /* LaunchScreen.storyboard in Resources */,
				588940DE2512960B0091D907 /* Assets.xcassets in Resources */,
				588940DC251296090091D907 /* Main.storyboard in Resources */,
			);
			runOnlyForDeploymentPostprocessing = 0;
		};
/* End PBXResourcesBuildPhase section */

/* Begin PBXSourcesBuildPhase section */
		588940CD251296090091D907 /* Sources */ = {
			isa = PBXSourcesBuildPhase;
			buildActionMask = 2147483647;
			files = (
				588940D9251296090091D907 /* FirstScreen.swift in Sources */,
				58DA11322512D8F600C7C380 /* UserRegisterView.swift in Sources */,
				58DA11302512D52B00C7C380 /* ColorImplementations.swift in Sources */,
				588940D5251296090091D907 /* AppDelegate.swift in Sources */,
				588940D7251296090091D907 /* SceneDelegate.swift in Sources */,
				58E25196251E6CC9002BDC87 /* WarehouseRegisterView.swift in Sources */,
			);
			runOnlyForDeploymentPostprocessing = 0;
		};
/* End PBXSourcesBuildPhase section */

/* Begin PBXVariantGroup section */
		588940DA251296090091D907 /* Main.storyboard */ = {
			isa = PBXVariantGroup;
			children = (
				588940DB251296090091D907 /* Base */,
			);
			name = Main.storyboard;
			sourceTree = "<group>";
		};
		588940DF2512960B0091D907 /* LaunchScreen.storyboard */ = {
			isa = PBXVariantGroup;
			children = (
				588940E02512960B0091D907 /* Base */,
			);
			name = LaunchScreen.storyboard;
			sourceTree = "<group>";
		};
/* End PBXVariantGroup section */

/* Begin XCBuildConfiguration section */
		588940E32512960B0091D907 /* Debug */ = {
			isa = XCBuildConfiguration;
			buildSettings = {
				ALWAYS_SEARCH_USER_PATHS = NO;
				CLANG_ANALYZER_NONNULL = YES;
				CLANG_ANALYZER_NUMBER_OBJECT_CONVERSION = YES_AGGRESSIVE;
				CLANG_CXX_LANGUAGE_STANDARD = "gnu++14";
				CLANG_CXX_LIBRARY = "libc++";
				CLANG_ENABLE_MODULES = YES;
				CLANG_ENABLE_OBJC_ARC = YES;
				CLANG_ENABLE_OBJC_WEAK = YES;
				CLANG_WARN_BLOCK_CAPTURE_AUTORELEASING = YES;
				CLANG_WARN_BOOL_CONVERSION = YES;
				CLANG_WARN_COMMA = YES;
				CLANG_WARN_CONSTANT_CONVERSION = YES;
				CLANG_WARN_DEPRECATED_OBJC_IMPLEMENTATIONS = YES;
				CLANG_WARN_DIRECT_OBJC_ISA_USAGE = YES_ERROR;
				CLANG_WARN_DOCUMENTATION_COMMENTS = YES;
				CLANG_WARN_EMPTY_BODY = YES;
				CLANG_WARN_ENUM_CONVERSION = YES;
				CLANG_WARN_INFINITE_RECURSION = YES;
				CLANG_WARN_INT_CONVERSION = YES;
				CLANG_WARN_NON_LITERAL_NULL_CONVERSION = YES;
				CLANG_WARN_OBJC_IMPLICIT_RETAIN_SELF = YES;
				CLANG_WARN_OBJC_LITERAL_CONVERSION = YES;
				CLANG_WARN_OBJC_ROOT_CLASS = YES_ERROR;
				CLANG_WARN_RANGE_LOOP_ANALYSIS = YES;
				CLANG_WARN_STRICT_PROTOTYPES = YES;
				CLANG_WARN_SUSPICIOUS_MOVE = YES;
				CLANG_WARN_UNGUARDED_AVAILABILITY = YES_AGGRESSIVE;
				CLANG_WARN_UNREACHABLE_CODE = YES;
				CLANG_WARN__DUPLICATE_METHOD_MATCH = YES;
				COPY_PHASE_STRIP = NO;
				DEBUG_INFORMATION_FORMAT = dwarf;
				ENABLE_STRICT_OBJC_MSGSEND = YES;
				ENABLE_TESTABILITY = YES;
				GCC_C_LANGUAGE_STANDARD = gnu11;
				GCC_DYNAMIC_NO_PIC = NO;
				GCC_NO_COMMON_BLOCKS = YES;
				GCC_OPTIMIZATION_LEVEL = 0;
				GCC_PREPROCESSOR_DEFINITIONS = (
					"DEBUG=1",
					"$(inherited)",
				);
				GCC_WARN_64_TO_32_BIT_CONVERSION = YES;
				GCC_WARN_ABOUT_RETURN_TYPE = YES_ERROR;
				GCC_WARN_UNDECLARED_SELECTOR = YES;
				GCC_WARN_UNINITIALIZED_AUTOS = YES_AGGRESSIVE;
				GCC_WARN_UNUSED_FUNCTION = YES;
				GCC_WARN_UNUSED_VARIABLE = YES;
				IPHONEOS_DEPLOYMENT_TARGET = 13.7;
				MTL_ENABLE_DEBUG_INFO = INCLUDE_SOURCE;
				MTL_FAST_MATH = YES;
				ONLY_ACTIVE_ARCH = YES;
				SDKROOT = iphoneos;
				SWIFT_ACTIVE_COMPILATION_CONDITIONS = DEBUG;
				SWIFT_OPTIMIZATION_LEVEL = "-Onone";
			};
			name = Debug;
		};
		588940E42512960B0091D907 /* Release */ = {
			isa = XCBuildConfiguration;
			buildSettings = {
				ALWAYS_SEARCH_USER_PATHS = NO;
				CLANG_ANALYZER_NONNULL = YES;
				CLANG_ANALYZER_NUMBER_OBJECT_CONVERSION = YES_AGGRESSIVE;
				CLANG_CXX_LANGUAGE_STANDARD = "gnu++14";
				CLANG_CXX_LIBRARY = "libc++";
				CLANG_ENABLE_MODULES = YES;
				CLANG_ENABLE_OBJC_ARC = YES;
				CLANG_ENABLE_OBJC_WEAK = YES;
				CLANG_WARN_BLOCK_CAPTURE_AUTORELEASING = YES;
				CLANG_WARN_BOOL_CONVERSION = YES;
				CLANG_WARN_COMMA = YES;
				CLANG_WARN_CONSTANT_CONVERSION = YES;
				CLANG_WARN_DEPRECATED_OBJC_IMPLEMENTATIONS = YES;
				CLANG_WARN_DIRECT_OBJC_ISA_USAGE = YES_ERROR;
				CLANG_WARN_DOCUMENTATION_COMMENTS = YES;
				CLANG_WARN_EMPTY_BODY = YES;
				CLANG_WARN_ENUM_CONVERSION = YES;
				CLANG_WARN_INFINITE_RECURSION = YES;
				CLANG_WARN_INT_CONVERSION = YES;
				CLANG_WARN_NON_LITERAL_NULL_CONVERSION = YES;
				CLANG_WARN_OBJC_IMPLICIT_RETAIN_SELF = YES;
				CLANG_WARN_OBJC_LITERAL_CONVERSION = YES;
				CLANG_WARN_OBJC_ROOT_CLASS = YES_ERROR;
				CLANG_WARN_RANGE_LOOP_ANALYSIS = YES;
				CLANG_WARN_STRICT_PROTOTYPES = YES;
				CLANG_WARN_SUSPICIOUS_MOVE = YES;
				CLANG_WARN_UNGUARDED_AVAILABILITY = YES_AGGRESSIVE;
				CLANG_WARN_UNREACHABLE_CODE = YES;
				CLANG_WARN__DUPLICATE_METHOD_MATCH = YES;
				COPY_PHASE_STRIP = NO;
				DEBUG_INFORMATION_FORMAT = "dwarf-with-dsym";
				ENABLE_NS_ASSERTIONS = NO;
				ENABLE_STRICT_OBJC_MSGSEND = YES;
				GCC_C_LANGUAGE_STANDARD = gnu11;
				GCC_NO_COMMON_BLOCKS = YES;
				GCC_WARN_64_TO_32_BIT_CONVERSION = YES;
				GCC_WARN_ABOUT_RETURN_TYPE = YES_ERROR;
				GCC_WARN_UNDECLARED_SELECTOR = YES;
				GCC_WARN_UNINITIALIZED_AUTOS = YES_AGGRESSIVE;
				GCC_WARN_UNUSED_FUNCTION = YES;
				GCC_WARN_UNUSED_VARIABLE = YES;
				IPHONEOS_DEPLOYMENT_TARGET = 13.7;
				MTL_ENABLE_DEBUG_INFO = NO;
				MTL_FAST_MATH = YES;
				SDKROOT = iphoneos;
				SWIFT_COMPILATION_MODE = wholemodule;
				SWIFT_OPTIMIZATION_LEVEL = "-O";
				VALIDATE_PRODUCT = YES;
			};
			name = Release;
		};
		588940E62512960B0091D907 /* Debug */ = {
			isa = XCBuildConfiguration;
			buildSettings = {
				ASSETCATALOG_COMPILER_APPICON_NAME = AppIcon;
				CODE_SIGN_STYLE = Automatic;
				DEVELOPMENT_TEAM = 2N277QXTNA;
				INFOPLIST_FILE = InventoriumProject/Info.plist;
				LD_RUNPATH_SEARCH_PATHS = (
					"$(inherited)",
					"@executable_path/Frameworks",
				);
				PRODUCT_BUNDLE_IDENTIFIER = "SWIFT-COMP350.InventoriumProject";
				PRODUCT_NAME = "$(TARGET_NAME)";
				SWIFT_VERSION = 5.0;
				TARGETED_DEVICE_FAMILY = "1,2";
			};
			name = Debug;
		};
		588940E72512960B0091D907 /* Release */ = {
			isa = XCBuildConfiguration;
			buildSettings = {
				ASSETCATALOG_COMPILER_APPICON_NAME = AppIcon;
				CODE_SIGN_STYLE = Automatic;
				DEVELOPMENT_TEAM = 2N277QXTNA;
				INFOPLIST_FILE = InventoriumProject/Info.plist;
				LD_RUNPATH_SEARCH_PATHS = (
					"$(inherited)",
					"@executable_path/Frameworks",
				);
				PRODUCT_BUNDLE_IDENTIFIER = "SWIFT-COMP350.InventoriumProject";
				PRODUCT_NAME = "$(TARGET_NAME)";
				SWIFT_VERSION = 5.0;
				TARGETED_DEVICE_FAMILY = "1,2";
			};
			name = Release;
		};
/* End XCBuildConfiguration section */

/* Begin XCConfigurationList section */
		588940CC251296090091D907 /* Build configuration list for PBXProject "InventoriumProject" */ = {
			isa = XCConfigurationList;
			buildConfigurations = (
				588940E32512960B0091D907 /* Debug */,
				588940E42512960B0091D907 /* Release */,
			);
			defaultConfigurationIsVisible = 0;
			defaultConfigurationName = Release;
		};
		588940E52512960B0091D907 /* Build configuration list for PBXNativeTarget "InventoriumProject" */ = {
			isa = XCConfigurationList;
			buildConfigurations = (
				588940E62512960B0091D907 /* Debug */,
				588940E72512960B0091D907 /* Release */,
			);
			defaultConfigurationIsVisible = 0;
			defaultConfigurationName = Release;
		};
/* End XCConfigurationList section */
	};
	rootObject = 588940C9251296090091D907 /* Project object */;
}
